
Microsoft Visual Studio Solution File, Format Version 12.00
# Visual Studio Version 17
VisualStudioVersion = 17.2.32630.192
MinimumVisualStudioVersion = 10.0.40219.1
Project("{2150E333-8FDC-42A3-9474-1A3956D46DE8}") = "Application", "Application", "{9C9F66B1-A183-40D5-8F1B-2FC54107EB81}"
EndProject
Project("{2150E333-8FDC-42A3-9474-1A3956D46DE8}") = "Domain", "Domain", "{82554F88-743D-46FE-88C0-7F82F37EA037}"
EndProject
Project("{2150E333-8FDC-42A3-9474-1A3956D46DE8}") = "Data", "Data", "{7FD8ECA9-9FC7-4ADE-B82A-C8F1A13CA797}"
EndProject
Project("{2150E333-8FDC-42A3-9474-1A3956D46DE8}") = "IoC", "IoC", "{CA58DDDA-3985-4853-B694-6407085C0A13}"
EndProject
Project("{2150E333-8FDC-42A3-9474-1A3956D46DE8}") = "Outer", "Outer", "{47B0EC9D-A521-414D-900D-72BCF415B02B}"
EndProject
Project("{9A19103F-16F7-4668-BE54-9A1E7A4F7556}") = "Application", "..\Application\Application.csproj", "{5D5C679A-9D41-43EE-888B-3787B18BFD20}"
EndProject
Project("{9A19103F-16F7-4668-BE54-9A1E7A4F7556}") = "Data", "..\Data\Data.csproj", "{49F5C205-3D24-4E76-8E0B-3DA8CA735FAA}"
EndProject
Project("{9A19103F-16F7-4668-BE54-9A1E7A4F7556}") = "Domain", "..\Domain\Domain.csproj", "{6B6E0857-9975-4045-94A9-D27FA51A2B19}"
EndProject
Project("{9A19103F-16F7-4668-BE54-9A1E7A4F7556}") = "IoC", "..\IoC\IoC.csproj", "{E8427B65-81F0-498E-9652-B3DC8020F5C6}"
EndProject
Project("{2150E333-8FDC-42A3-9474-1A3956D46DE8}") = "C++CLI", "C++CLI", "{0087FFB6-A147-4212-9DFA-67A52ECE0FDC}"
EndProject
Project("{9A19103F-16F7-4668-BE54-9A1E7A4F7556}") = "API", "API\API.csproj", "{CBB6449E-6411-4591-861C-BC0AE7B03CF8}"
EndProject
Project("{8BC9CEB8-8B4A-11D0-8D11-00A0C91BC942}") = "testDatabaseAPI", "testDatabaseAPI\testDatabaseAPI.vcxproj", "{8FCEA430-11A0-483D-877F-4AC45D456D85}"
EndProject
Global
	GlobalSection(SolutionConfigurationPlatforms) = preSolution
		Debug|Any CPU = Debug|Any CPU
		Debug|x64 = Debug|x64
		Debug|x86 = Debug|x86
		Release|Any CPU = Release|Any CPU
		Release|x64 = Release|x64
		Release|x86 = Release|x86
	EndGlobalSection
	GlobalSection(ProjectConfigurationPlatforms) = postSolution
		{5D5C679A-9D41-43EE-888B-3787B18BFD20}.Debug|Any CPU.ActiveCfg = Debug|Any CPU
		{5D5C679A-9D41-43EE-888B-3787B18BFD20}.Debug|Any CPU.Build.0 = Debug|Any CPU
		{5D5C679A-9D41-43EE-888B-3787B18BFD20}.Debug|x64.ActiveCfg = Debug|Any CPU
		{5D5C679A-9D41-43EE-888B-3787B18BFD20}.Debug|x64.Build.0 = Debug|Any CPU
		{5D5C679A-9D41-43EE-888B-3787B18BFD20}.Debug|x86.ActiveCfg = Debug|Any CPU
		{5D5C679A-9D41-43EE-888B-3787B18BFD20}.Debug|x86.Build.0 = Debug|Any CPU
		{5D5C679A-9D41-43EE-888B-3787B18BFD20}.Release|Any CPU.ActiveCfg = Release|Any CPU
		{5D5C679A-9D41-43EE-888B-3787B18BFD20}.Release|Any CPU.Build.0 = Release|Any CPU
		{5D5C679A-9D41-43EE-888B-3787B18BFD20}.Release|x64.ActiveCfg = Release|Any CPU
		{5D5C679A-9D41-43EE-888B-3787B18BFD20}.Release|x64.Build.0 = Release|Any CPU
		{5D5C679A-9D41-43EE-888B-3787B18BFD20}.Release|x86.ActiveCfg = Release|Any CPU
		{5D5C679A-9D41-43EE-888B-3787B18BFD20}.Release|x86.Build.0 = Release|Any CPU
		{49F5C205-3D24-4E76-8E0B-3DA8CA735FAA}.Debug|Any CPU.ActiveCfg = Debug|Any CPU
		{49F5C205-3D24-4E76-8E0B-3DA8CA735FAA}.Debug|Any CPU.Build.0 = Debug|Any CPU
		{49F5C205-3D24-4E76-8E0B-3DA8CA735FAA}.Debug|x64.ActiveCfg = Debug|Any CPU
		{49F5C205-3D24-4E76-8E0B-3DA8CA735FAA}.Debug|x64.Build.0 = Debug|Any CPU
		{49F5C205-3D24-4E76-8E0B-3DA8CA735FAA}.Debug|x86.ActiveCfg = Debug|Any CPU
		{49F5C205-3D24-4E76-8E0B-3DA8CA735FAA}.Debug|x86.Build.0 = Debug|Any CPU
		{49F5C205-3D24-4E76-8E0B-3DA8CA735FAA}.Release|Any CPU.ActiveCfg = Release|Any CPU
		{49F5C205-3D24-4E76-8E0B-3DA8CA735FAA}.Release|Any CPU.Build.0 = Release|Any CPU
		{49F5C205-3D24-4E76-8E0B-3DA8CA735FAA}.Release|x64.ActiveCfg = Release|Any CPU
		{49F5C205-3D24-4E76-8E0B-3DA8CA735FAA}.Release|x64.Build.0 = Release|Any CPU
		{49F5C205-3D24-4E76-8E0B-3DA8CA735FAA}.Release|x86.ActiveCfg = Release|Any CPU
		{49F5C205-3D24-4E76-8E0B-3DA8CA735FAA}.Release|x86.Build.0 = Release|Any CPU
		{6B6E0857-9975-4045-94A9-D27FA51A2B19}.Debug|Any CPU.ActiveCfg = Debug|Any CPU
		{6B6E0857-9975-4045-94A9-D27FA51A2B19}.Debug|Any CPU.Build.0 = Debug|Any CPU
		{6B6E0857-9975-4045-94A9-D27FA51A2B19}.Debug|x64.ActiveCfg = Debug|Any CPU
		{6B6E0857-9975-4045-94A9-D27FA51A2B19}.Debug|x64.Build.0 = Debug|Any CPU
		{6B6E0857-9975-4045-94A9-D27FA51A2B19}.Debug|x86.ActiveCfg = Debug|Any CPU
		{6B6E0857-9975-4045-94A9-D27FA51A2B19}.Debug|x86.Build.0 = Debug|Any CPU
		{6B6E0857-9975-4045-94A9-D27FA51A2B19}.Release|Any CPU.ActiveCfg = Release|Any CPU
		{6B6E0857-9975-4045-94A9-D27FA51A2B19}.Release|Any CPU.Build.0 = Release|Any CPU
		{6B6E0857-9975-4045-94A9-D27FA51A2B19}.Release|x64.ActiveCfg = Release|Any CPU
		{6B6E0857-9975-4045-94A9-D27FA51A2B19}.Release|x64.Build.0 = Release|Any CPU
		{6B6E0857-9975-4045-94A9-D27FA51A2B19}.Release|x86.ActiveCfg = Release|Any CPU
		{6B6E0857-9975-4045-94A9-D27FA51A2B19}.Release|x86.Build.0 = Release|Any CPU
		{E8427B65-81F0-498E-9652-B3DC8020F5C6}.Debug|Any CPU.ActiveCfg = Debug|Any CPU
		{E8427B65-81F0-498E-9652-B3DC8020F5C6}.Debug|Any CPU.Build.0 = Debug|Any CPU
		{E8427B65-81F0-498E-9652-B3DC8020F5C6}.Debug|x64.ActiveCfg = Debug|Any CPU
		{E8427B65-81F0-498E-9652-B3DC8020F5C6}.Debug|x64.Build.0 = Debug|Any CPU
		{E8427B65-81F0-498E-9652-B3DC8020F5C6}.Debug|x86.ActiveCfg = Debug|Any CPU
		{E8427B65-81F0-498E-9652-B3DC8020F5C6}.Debug|x86.Build.0 = Debug|Any CPU
		{E8427B65-81F0-498E-9652-B3DC8020F5C6}.Release|Any CPU.ActiveCfg = Release|Any CPU
		{E8427B65-81F0-498E-9652-B3DC8020F5C6}.Release|Any CPU.Build.0 = Release|Any CPU
		{E8427B65-81F0-498E-9652-B3DC8020F5C6}.Release|x64.ActiveCfg = Release|Any CPU
		{E8427B65-81F0-498E-9652-B3DC8020F5C6}.Release|x64.Build.0 = Release|Any CPU
		{E8427B65-81F0-498E-9652-B3DC8020F5C6}.Release|x86.ActiveCfg = Release|Any CPU
		{E8427B65-81F0-498E-9652-B3DC8020F5C6}.Release|x86.Build.0 = Release|Any CPU
		{CBB6449E-6411-4591-861C-BC0AE7B03CF8}.Debug|Any CPU.ActiveCfg = Debug|Any CPU
		{CBB6449E-6411-4591-861C-BC0AE7B03CF8}.Debug|Any CPU.Build.0 = Debug|Any CPU
		{CBB6449E-6411-4591-861C-BC0AE7B03CF8}.Debug|x64.ActiveCfg = Debug|Any CPU
		{CBB6449E-6411-4591-861C-BC0AE7B03CF8}.Debug|x64.Build.0 = Debug|Any CPU
		{CBB6449E-6411-4591-861C-BC0AE7B03CF8}.Debug|x86.ActiveCfg = Debug|Any CPU
		{CBB6449E-6411-4591-861C-BC0AE7B03CF8}.Debug|x86.Build.0 = Debug|Any CPU
		{CBB6449E-6411-4591-861C-BC0AE7B03CF8}.Release|Any CPU.ActiveCfg = Release|Any CPU
		{CBB6449E-6411-4591-861C-BC0AE7B03CF8}.Release|Any CPU.Build.0 = Release|Any CPU
		{CBB6449E-6411-4591-861C-BC0AE7B03CF8}.Release|x64.ActiveCfg = Release|Any CPU
		{CBB6449E-6411-4591-861C-BC0AE7B03CF8}.Release|x64.Build.0 = Release|Any CPU
		{CBB6449E-6411-4591-861C-BC0AE7B03CF8}.Release|x86.ActiveCfg = Release|Any CPU
		{CBB6449E-6411-4591-861C-BC0AE7B03CF8}.Release|x86.Build.0 = Release|Any CPU
		{8FCEA430-11A0-483D-877F-4AC45D456D85}.Debug|Any CPU.ActiveCfg = Debug|x64
		{8FCEA430-11A0-483D-877F-4AC45D456D85}.Debug|Any CPU.Build.0 = Debug|x64
		{8FCEA430-11A0-483D-877F-4AC45D456D85}.Debug|x64.ActiveCfg = Debug|x64
		{8FCEA430-11A0-483D-877F-4AC45D456D85}.Debug|x64.Build.0 = Debug|x64
		{8FCEA430-11A0-483D-877F-4AC45D456D85}.Debug|x86.ActiveCfg = Debug|Win32
		{8FCEA430-11A0-483D-877F-4AC45D456D85}.Debug|x86.Build.0 = Debug|Win32
		{8FCEA430-11A0-483D-877F-4AC45D456D85}.Release|Any CPU.ActiveCfg = Release|x64
		{8FCEA430-11A0-483D-877F-4AC45D456D85}.Release|Any CPU.Build.0 = Release|x64
		{8FCEA430-11A0-483D-877F-4AC45D456D85}.Release|x64.ActiveCfg = Release|x64
		{8FCEA430-11A0-483D-877F-4AC45D456D85}.Release|x64.Build.0 = Release|x64
		{8FCEA430-11A0-483D-877F-4AC45D456D85}.Release|x86.ActiveCfg = Release|Win32
		{8FCEA430-11A0-483D-877F-4AC45D456D85}.Release|x86.Build.0 = Release|Win32
	EndGlobalSection
	GlobalSection(SolutionProperties) = preSolution
		HideSolutionNode = FALSE
	EndGlobalSection
	GlobalSection(NestedProjects) = preSolution
		{5D5C679A-9D41-43EE-888B-3787B18BFD20} = {9C9F66B1-A183-40D5-8F1B-2FC54107EB81}
		{49F5C205-3D24-4E76-8E0B-3DA8CA735FAA} = {7FD8ECA9-9FC7-4ADE-B82A-C8F1A13CA797}
		{6B6E0857-9975-4045-94A9-D27FA51A2B19} = {82554F88-743D-46FE-88C0-7F82F37EA037}
		{E8427B65-81F0-498E-9652-B3DC8020F5C6} = {CA58DDDA-3985-4853-B694-6407085C0A13}
		{CBB6449E-6411-4591-861C-BC0AE7B03CF8} = {47B0EC9D-A521-414D-900D-72BCF415B02B}
		{8FCEA430-11A0-483D-877F-4AC45D456D85} = {0087FFB6-A147-4212-9DFA-67A52ECE0FDC}
	EndGlobalSection
	GlobalSection(ExtensibilityGlobals) = postSolution
		SolutionGuid = {D2338FE8-A72B-49A5-BA7E-D70D5FDE0344}
	EndGlobalSection
EndGlobal
